// !$*UTF8*$!
{
	archiveVersion = 1;
	classes = {
	};
	objectVersion = 55;
	objects = {

/* Begin PBXBuildFile section */
		04465491282A2DE600CF286B /* WeatherDetailCollectionViewCell.swift in Sources */ = {isa = PBXBuildFile; fileRef = 04465490282A2DE600CF286B /* WeatherDetailCollectionViewCell.swift */; };
		04C7FCB32822417400599E98 /* Colors.swift in Sources */ = {isa = PBXBuildFile; fileRef = 04C7FCB22822417400599E98 /* Colors.swift */; };
		04C7FCB828225F4F00599E98 /* LocationSearchTableViewCell.swift in Sources */ = {isa = PBXBuildFile; fileRef = 04C7FCB728225F4F00599E98 /* LocationSearchTableViewCell.swift */; };
		04CEC15428337A0F00505F0E /* Temperature.swift in Sources */ = {isa = PBXBuildFile; fileRef = 04CEC15328337A0F00505F0E /* Temperature.swift */; };
		04DA97012844A2FB00AD2538 /* Weather.swift in Sources */ = {isa = PBXBuildFile; fileRef = 04DA97002844A2FB00AD2538 /* Weather.swift */; };
		04DA97032844A40700AD2538 /* Date.swift in Sources */ = {isa = PBXBuildFile; fileRef = 04DA97022844A40700AD2538 /* Date.swift */; };
		04DBB7F6283C7AC80043AFCC /* LocationSource.csv in Resources */ = {isa = PBXBuildFile; fileRef = 04DBB7F5283C7AC80043AFCC /* LocationSource.csv */; };
		04DBB7F8283C7BAB0043AFCC /* City.swift in Sources */ = {isa = PBXBuildFile; fileRef = 04DBB7F7283C7BAB0043AFCC /* City.swift */; };
		04DD77752820AFC90049A3BD /* RootViewController.swift in Sources */ = {isa = PBXBuildFile; fileRef = 04DD77742820AFC90049A3BD /* RootViewController.swift */; };
		04DD77772820AFEE0049A3BD /* WeatherDetailViewController.swift in Sources */ = {isa = PBXBuildFile; fileRef = 04DD77762820AFEE0049A3BD /* WeatherDetailViewController.swift */; };
		04DD7783282163350049A3BD /* BookmarkTableViewCell.swift in Sources */ = {isa = PBXBuildFile; fileRef = 04DD7782282163350049A3BD /* BookmarkTableViewCell.swift */; };
		04DD778B28221DFF0049A3BD /* UIColor.swift in Sources */ = {isa = PBXBuildFile; fileRef = 04DD778A28221DFF0049A3BD /* UIColor.swift */; };
		04DFC087281BBBFD0089CBED /* AppDelegate.swift in Sources */ = {isa = PBXBuildFile; fileRef = 04DFC086281BBBFD0089CBED /* AppDelegate.swift */; };
		04DFC089281BBBFD0089CBED /* SceneDelegate.swift in Sources */ = {isa = PBXBuildFile; fileRef = 04DFC088281BBBFD0089CBED /* SceneDelegate.swift */; };
		04DFC090281BBBFE0089CBED /* Assets.xcassets in Resources */ = {isa = PBXBuildFile; fileRef = 04DFC08F281BBBFE0089CBED /* Assets.xcassets */; };
		04DFC093281BBBFE0089CBED /* LaunchScreen.storyboard in Resources */ = {isa = PBXBuildFile; fileRef = 04DFC091281BBBFE0089CBED /* LaunchScreen.storyboard */; };
		04E6112F284740DA006316AD /* WeatherManager.swift in Sources */ = {isa = PBXBuildFile; fileRef = 04E6112E284740DA006316AD /* WeatherManager.swift */; };
		04EA1A97283B0B2700EC3E18 /* CSV.swift in Sources */ = {isa = PBXBuildFile; fileRef = 04EA1A96283B0B2700EC3E18 /* CSV.swift */; };
		04F0034C28404FCC00E9A120 /* ButtonInteractionDelegate.swift in Sources */ = {isa = PBXBuildFile; fileRef = 04F0034B28404FCC00E9A120 /* ButtonInteractionDelegate.swift */; };
		04F7FA4A2829E8F70089AC77 /* WeatherDetailCollectionViewTemperatureCell.swift in Sources */ = {isa = PBXBuildFile; fileRef = 04F7FA492829E8F70089AC77 /* WeatherDetailCollectionViewTemperatureCell.swift */; };
		AA7B2CF0B620FAA2DFC30551 /* Pods_toy_weather_ios.framework in Frameworks */ = {isa = PBXBuildFile; fileRef = 441D90D3ABBF576D5D563D52 /* Pods_toy_weather_ios.framework */; };
/* End PBXBuildFile section */

/* Begin PBXFileReference section */
		04465490282A2DE600CF286B /* WeatherDetailCollectionViewCell.swift */ = {isa = PBXFileReference; lastKnownFileType = sourcecode.swift; path = WeatherDetailCollectionViewCell.swift; sourceTree = "<group>"; };
		04C7FCB22822417400599E98 /* Colors.swift */ = {isa = PBXFileReference; lastKnownFileType = sourcecode.swift; path = Colors.swift; sourceTree = "<group>"; };
		04C7FCB728225F4F00599E98 /* LocationSearchTableViewCell.swift */ = {isa = PBXFileReference; lastKnownFileType = sourcecode.swift; path = LocationSearchTableViewCell.swift; sourceTree = "<group>"; };
		04CEC15328337A0F00505F0E /* Temperature.swift */ = {isa = PBXFileReference; lastKnownFileType = sourcecode.swift; path = Temperature.swift; sourceTree = "<group>"; };
		04DA97002844A2FB00AD2538 /* Weather.swift */ = {isa = PBXFileReference; lastKnownFileType = sourcecode.swift; path = Weather.swift; sourceTree = "<group>"; };
		04DA97022844A40700AD2538 /* Date.swift */ = {isa = PBXFileReference; lastKnownFileType = sourcecode.swift; path = Date.swift; sourceTree = "<group>"; };
		04DBB7F5283C7AC80043AFCC /* LocationSource.csv */ = {isa = PBXFileReference; fileEncoding = 4; lastKnownFileType = text; path = LocationSource.csv; sourceTree = "<group>"; };
		04DBB7F7283C7BAB0043AFCC /* City.swift */ = {isa = PBXFileReference; lastKnownFileType = sourcecode.swift; path = City.swift; sourceTree = "<group>"; };
		04DD77742820AFC90049A3BD /* RootViewController.swift */ = {isa = PBXFileReference; lastKnownFileType = sourcecode.swift; path = RootViewController.swift; sourceTree = "<group>"; };
		04DD77762820AFEE0049A3BD /* WeatherDetailViewController.swift */ = {isa = PBXFileReference; lastKnownFileType = sourcecode.swift; path = WeatherDetailViewController.swift; sourceTree = "<group>"; };
		04DD7782282163350049A3BD /* BookmarkTableViewCell.swift */ = {isa = PBXFileReference; lastKnownFileType = sourcecode.swift; path = BookmarkTableViewCell.swift; sourceTree = "<group>"; };
		04DD778A28221DFF0049A3BD /* UIColor.swift */ = {isa = PBXFileReference; lastKnownFileType = sourcecode.swift; path = UIColor.swift; sourceTree = "<group>"; };
		04DFC083281BBBFD0089CBED /* toy-weather-ios.app */ = {isa = PBXFileReference; explicitFileType = wrapper.application; includeInIndex = 0; path = "toy-weather-ios.app"; sourceTree = BUILT_PRODUCTS_DIR; };
		04DFC086281BBBFD0089CBED /* AppDelegate.swift */ = {isa = PBXFileReference; lastKnownFileType = sourcecode.swift; path = AppDelegate.swift; sourceTree = "<group>"; };
		04DFC088281BBBFD0089CBED /* SceneDelegate.swift */ = {isa = PBXFileReference; lastKnownFileType = sourcecode.swift; path = SceneDelegate.swift; sourceTree = "<group>"; };
		04DFC08F281BBBFE0089CBED /* Assets.xcassets */ = {isa = PBXFileReference; lastKnownFileType = folder.assetcatalog; path = Assets.xcassets; sourceTree = "<group>"; };
		04DFC092281BBBFE0089CBED /* Base */ = {isa = PBXFileReference; lastKnownFileType = file.storyboard; name = Base; path = Base.lproj/LaunchScreen.storyboard; sourceTree = "<group>"; };
		04DFC094281BBBFE0089CBED /* Info.plist */ = {isa = PBXFileReference; lastKnownFileType = text.plist.xml; path = Info.plist; sourceTree = "<group>"; };
		04E6112E284740DA006316AD /* WeatherManager.swift */ = {isa = PBXFileReference; lastKnownFileType = sourcecode.swift; path = WeatherManager.swift; sourceTree = "<group>"; };
		04EA1A96283B0B2700EC3E18 /* CSV.swift */ = {isa = PBXFileReference; lastKnownFileType = sourcecode.swift; path = CSV.swift; sourceTree = "<group>"; };
		04F0034B28404FCC00E9A120 /* ButtonInteractionDelegate.swift */ = {isa = PBXFileReference; lastKnownFileType = sourcecode.swift; path = ButtonInteractionDelegate.swift; sourceTree = "<group>"; };
		04F7FA492829E8F70089AC77 /* WeatherDetailCollectionViewTemperatureCell.swift */ = {isa = PBXFileReference; lastKnownFileType = sourcecode.swift; path = WeatherDetailCollectionViewTemperatureCell.swift; sourceTree = "<group>"; };
		441D90D3ABBF576D5D563D52 /* Pods_toy_weather_ios.framework */ = {isa = PBXFileReference; explicitFileType = wrapper.framework; includeInIndex = 0; path = Pods_toy_weather_ios.framework; sourceTree = BUILT_PRODUCTS_DIR; };
		D16391DA654C9D884859F0D8 /* Pods-toy-weather-ios.release.xcconfig */ = {isa = PBXFileReference; includeInIndex = 1; lastKnownFileType = text.xcconfig; name = "Pods-toy-weather-ios.release.xcconfig"; path = "Target Support Files/Pods-toy-weather-ios/Pods-toy-weather-ios.release.xcconfig"; sourceTree = "<group>"; };
		FA046253694FBF7766970FEE /* Pods-toy-weather-ios.debug.xcconfig */ = {isa = PBXFileReference; includeInIndex = 1; lastKnownFileType = text.xcconfig; name = "Pods-toy-weather-ios.debug.xcconfig"; path = "Target Support Files/Pods-toy-weather-ios/Pods-toy-weather-ios.debug.xcconfig"; sourceTree = "<group>"; };
/* End PBXFileReference section */

/* Begin PBXFrameworksBuildPhase section */
		04DFC080281BBBFD0089CBED /* Frameworks */ = {
			isa = PBXFrameworksBuildPhase;
			buildActionMask = 2147483647;
			files = (
				AA7B2CF0B620FAA2DFC30551 /* Pods_toy_weather_ios.framework in Frameworks */,
			);
			runOnlyForDeploymentPostprocessing = 0;
		};
/* End PBXFrameworksBuildPhase section */

/* Begin PBXGroup section */
		04D3F99D2830CD81002AB0EA /* Root */ = {
			isa = PBXGroup;
			children = (
				04D3F99E2830CE21002AB0EA /* View */,
				04DD77742820AFC90049A3BD /* RootViewController.swift */,
			);
			path = Root;
			sourceTree = "<group>";
		};
		04D3F99E2830CE21002AB0EA /* View */ = {
			isa = PBXGroup;
			children = (
				04C7FCB728225F4F00599E98 /* LocationSearchTableViewCell.swift */,
				04DD7782282163350049A3BD /* BookmarkTableViewCell.swift */,
			);
			path = View;
			sourceTree = "<group>";
		};
		04DD776D2820A4800049A3BD /* App */ = {
			isa = PBXGroup;
			children = (
				04DFC086281BBBFD0089CBED /* AppDelegate.swift */,
				04DFC088281BBBFD0089CBED /* SceneDelegate.swift */,
			);
			path = App;
			sourceTree = "<group>";
		};
		04DD77702820ACB70049A3BD /* Presentations */ = {
			isa = PBXGroup;
			children = (
				04D3F99D2830CD81002AB0EA /* Root */,
				04DD77732820AD990049A3BD /* WeatherDetail */,
			);
			path = Presentations;
			sourceTree = "<group>";
		};
		04DD77732820AD990049A3BD /* WeatherDetail */ = {
			isa = PBXGroup;
			children = (
				04F7FA3E2828FC5B0089AC77 /* View */,
				04DD77762820AFEE0049A3BD /* WeatherDetailViewController.swift */,
			);
			path = WeatherDetail;
			sourceTree = "<group>";
		};
		04DD778828221D960049A3BD /* Extensions */ = {
			isa = PBXGroup;
			children = (
				04DD778A28221DFF0049A3BD /* UIColor.swift */,
				04DA97022844A40700AD2538 /* Date.swift */,
			);
			path = Extensions;
			sourceTree = "<group>";
		};
		04DD778928221DB10049A3BD /* Utilities */ = {
			isa = PBXGroup;
			children = (
				04C7FCB22822417400599E98 /* Colors.swift */,
			);
			path = Utilities;
			sourceTree = "<group>";
		};
		04DFC07A281BBBFD0089CBED = {
			isa = PBXGroup;
			children = (
				04DFC085281BBBFD0089CBED /* toy-weather-ios */,
				04DFC084281BBBFD0089CBED /* Products */,
				7C87B5450595F6CEF5FEEF30 /* Pods */,
				754F7C012FA889F2A94CD87B /* Frameworks */,
			);
			sourceTree = "<group>";
		};
		04DFC084281BBBFD0089CBED /* Products */ = {
			isa = PBXGroup;
			children = (
				04DFC083281BBBFD0089CBED /* toy-weather-ios.app */,
			);
			name = Products;
			sourceTree = "<group>";
		};
		04DFC085281BBBFD0089CBED /* toy-weather-ios */ = {
			isa = PBXGroup;
			children = (
				04DD776D2820A4800049A3BD /* App */,
				04DD778828221D960049A3BD /* Extensions */,
				04E6112D28474074006316AD /* Managers */,
				04EBE4E9283F3F100031A308 /* Model */,
				04DD77702820ACB70049A3BD /* Presentations */,
				04F003492840487800E9A120 /* Protocols */,
				04ED19A22837777000F209C5 /* Resources */,
				04DD778928221DB10049A3BD /* Utilities */,
				04DFC094281BBBFE0089CBED /* Info.plist */,
			);
			path = "toy-weather-ios";
			sourceTree = "<group>";
		};
		04E6112D28474074006316AD /* Managers */ = {
			isa = PBXGroup;
			children = (
				04E6112E284740DA006316AD /* WeatherManager.swift */,
			);
			path = Managers;
			sourceTree = "<group>";
		};
		04EBE4E9283F3F100031A308 /* Model */ = {
			isa = PBXGroup;
			children = (
				04EA1A96283B0B2700EC3E18 /* CSV.swift */,
				04DBB7F7283C7BAB0043AFCC /* City.swift */,
				04CEC15328337A0F00505F0E /* Temperature.swift */,
				04DA97002844A2FB00AD2538 /* Weather.swift */,
			);
			path = Model;
			sourceTree = "<group>";
		};
		04ED19A22837777000F209C5 /* Resources */ = {
			isa = PBXGroup;
			children = (
				04DFC091281BBBFE0089CBED /* LaunchScreen.storyboard */,
				04DBB7F5283C7AC80043AFCC /* LocationSource.csv */,
				04DFC08F281BBBFE0089CBED /* Assets.xcassets */,
			);
			path = Resources;
			sourceTree = "<group>";
		};
		04F003492840487800E9A120 /* Protocols */ = {
			isa = PBXGroup;
			children = (
				04F0034B28404FCC00E9A120 /* ButtonInteractionDelegate.swift */,
			);
			path = Protocols;
			sourceTree = "<group>";
		};
		04F7FA3E2828FC5B0089AC77 /* View */ = {
			isa = PBXGroup;
			children = (
				04F7FA492829E8F70089AC77 /* WeatherDetailCollectionViewTemperatureCell.swift */,
				04465490282A2DE600CF286B /* WeatherDetailCollectionViewCell.swift */,
			);
			path = View;
			sourceTree = "<group>";
		};
		754F7C012FA889F2A94CD87B /* Frameworks */ = {
			isa = PBXGroup;
			children = (
				441D90D3ABBF576D5D563D52 /* Pods_toy_weather_ios.framework */,
			);
			name = Frameworks;
			sourceTree = "<group>";
		};
		7C87B5450595F6CEF5FEEF30 /* Pods */ = {
			isa = PBXGroup;
			children = (
				FA046253694FBF7766970FEE /* Pods-toy-weather-ios.debug.xcconfig */,
				D16391DA654C9D884859F0D8 /* Pods-toy-weather-ios.release.xcconfig */,
			);
			path = Pods;
			sourceTree = "<group>";
		};
/* End PBXGroup section */

/* Begin PBXNativeTarget section */
		04DFC082281BBBFD0089CBED /* toy-weather-ios */ = {
			isa = PBXNativeTarget;
			buildConfigurationList = 04DFC097281BBBFE0089CBED /* Build configuration list for PBXNativeTarget "toy-weather-ios" */;
			buildPhases = (
				C93F6BA758725EB073864CE3 /* [CP] Check Pods Manifest.lock */,
				04DFC07F281BBBFD0089CBED /* Sources */,
				04DFC080281BBBFD0089CBED /* Frameworks */,
				04DFC081281BBBFD0089CBED /* Resources */,
				9E1F12AB291DAAD883749CA1 /* [CP] Embed Pods Frameworks */,
			);
			buildRules = (
			);
			dependencies = (
			);
			name = "toy-weather-ios";
			productName = "toy-weather-ios";
			productReference = 04DFC083281BBBFD0089CBED /* toy-weather-ios.app */;
			productType = "com.apple.product-type.application";
		};
/* End PBXNativeTarget section */

/* Begin PBXProject section */
		04DFC07B281BBBFD0089CBED /* Project object */ = {
			isa = PBXProject;
			attributes = {
				BuildIndependentTargetsInParallel = 1;
				LastSwiftUpdateCheck = 1330;
				LastUpgradeCheck = 1330;
				TargetAttributes = {
					04DFC082281BBBFD0089CBED = {
						CreatedOnToolsVersion = 13.3.1;
					};
				};
			};
			buildConfigurationList = 04DFC07E281BBBFD0089CBED /* Build configuration list for PBXProject "toy-weather-ios" */;
			compatibilityVersion = "Xcode 13.0";
			developmentRegion = en;
			hasScannedForEncodings = 0;
			knownRegions = (
				en,
				Base,
			);
			mainGroup = 04DFC07A281BBBFD0089CBED;
			productRefGroup = 04DFC084281BBBFD0089CBED /* Products */;
			projectDirPath = "";
			projectRoot = "";
			targets = (
				04DFC082281BBBFD0089CBED /* toy-weather-ios */,
			);
		};
/* End PBXProject section */

/* Begin PBXResourcesBuildPhase section */
		04DFC081281BBBFD0089CBED /* Resources */ = {
			isa = PBXResourcesBuildPhase;
			buildActionMask = 2147483647;
			files = (
				04DFC093281BBBFE0089CBED /* LaunchScreen.storyboard in Resources */,
				04DBB7F6283C7AC80043AFCC /* LocationSource.csv in Resources */,
				04DFC090281BBBFE0089CBED /* Assets.xcassets in Resources */,
			);
			runOnlyForDeploymentPostprocessing = 0;
		};
/* End PBXResourcesBuildPhase section */

/* Begin PBXShellScriptBuildPhase section */
		9E1F12AB291DAAD883749CA1 /* [CP] Embed Pods Frameworks */ = {
			isa = PBXShellScriptBuildPhase;
			buildActionMask = 2147483647;
			files = (
			);
			inputFileListPaths = (
				"${PODS_ROOT}/Target Support Files/Pods-toy-weather-ios/Pods-toy-weather-ios-frameworks-${CONFIGURATION}-input-files.xcfilelist",
			);
			name = "[CP] Embed Pods Frameworks";
			outputFileListPaths = (
				"${PODS_ROOT}/Target Support Files/Pods-toy-weather-ios/Pods-toy-weather-ios-frameworks-${CONFIGURATION}-output-files.xcfilelist",
			);
			runOnlyForDeploymentPostprocessing = 0;
			shellPath = /bin/sh;
			shellScript = "\"${PODS_ROOT}/Target Support Files/Pods-toy-weather-ios/Pods-toy-weather-ios-frameworks.sh\"\n";
			showEnvVarsInLog = 0;
		};
		C93F6BA758725EB073864CE3 /* [CP] Check Pods Manifest.lock */ = {
			isa = PBXShellScriptBuildPhase;
			buildActionMask = 2147483647;
			files = (
			);
			inputFileListPaths = (
			);
			inputPaths = (
				"${PODS_PODFILE_DIR_PATH}/Podfile.lock",
				"${PODS_ROOT}/Manifest.lock",
			);
			name = "[CP] Check Pods Manifest.lock";
			outputFileListPaths = (
			);
			outputPaths = (
				"$(DERIVED_FILE_DIR)/Pods-toy-weather-ios-checkManifestLockResult.txt",
			);
			runOnlyForDeploymentPostprocessing = 0;
			shellPath = /bin/sh;
			shellScript = "diff \"${PODS_PODFILE_DIR_PATH}/Podfile.lock\" \"${PODS_ROOT}/Manifest.lock\" > /dev/null\nif [ $? != 0 ] ; then\n    # print error to STDERR\n    echo \"error: The sandbox is not in sync with the Podfile.lock. Run 'pod install' or update your CocoaPods installation.\" >&2\n    exit 1\nfi\n# This output is used by Xcode 'outputs' to avoid re-running this script phase.\necho \"SUCCESS\" > \"${SCRIPT_OUTPUT_FILE_0}\"\n";
			showEnvVarsInLog = 0;
		};
/* End PBXShellScriptBuildPhase section */

/* Begin PBXSourcesBuildPhase section */
		04DFC07F281BBBFD0089CBED /* Sources */ = {
			isa = PBXSourcesBuildPhase;
			buildActionMask = 2147483647;
			files = (
				04DD77752820AFC90049A3BD /* RootViewController.swift in Sources */,
				04C7FCB32822417400599E98 /* Colors.swift in Sources */,
				04DD77772820AFEE0049A3BD /* WeatherDetailViewController.swift in Sources */,
				04EA1A97283B0B2700EC3E18 /* CSV.swift in Sources */,
				04DD7783282163350049A3BD /* BookmarkTableViewCell.swift in Sources */,
				04F7FA4A2829E8F70089AC77 /* WeatherDetailCollectionViewTemperatureCell.swift in Sources */,
				04E6112F284740DA006316AD /* WeatherManager.swift in Sources */,
				04DA97032844A40700AD2538 /* Date.swift in Sources */,
				04DFC087281BBBFD0089CBED /* AppDelegate.swift in Sources */,
				04F0034C28404FCC00E9A120 /* ButtonInteractionDelegate.swift in Sources */,
				04465491282A2DE600CF286B /* WeatherDetailCollectionViewCell.swift in Sources */,
				04DA97012844A2FB00AD2538 /* Weather.swift in Sources */,
				04C7FCB828225F4F00599E98 /* LocationSearchTableViewCell.swift in Sources */,
				04DFC089281BBBFD0089CBED /* SceneDelegate.swift in Sources */,
				04DBB7F8283C7BAB0043AFCC /* City.swift in Sources */,
				04CEC15428337A0F00505F0E /* Temperature.swift in Sources */,
				04DD778B28221DFF0049A3BD /* UIColor.swift in Sources */,
			);
			runOnlyForDeploymentPostprocessing = 0;
		};
/* End PBXSourcesBuildPhase section */

/* Begin PBXVariantGroup section */
		04DFC091281BBBFE0089CBED /* LaunchScreen.storyboard */ = {
			isa = PBXVariantGroup;
			children = (
				04DFC092281BBBFE0089CBED /* Base */,
			);
			name = LaunchScreen.storyboard;
			sourceTree = "<group>";
		};
/* End PBXVariantGroup section */

/* Begin XCBuildConfiguration section */
		04DFC095281BBBFE0089CBED /* Debug */ = {
			isa = XCBuildConfiguration;
			buildSettings = {
				ALWAYS_SEARCH_USER_PATHS = NO;
				CLANG_ANALYZER_NONNULL = YES;
				CLANG_ANALYZER_NUMBER_OBJECT_CONVERSION = YES_AGGRESSIVE;
				CLANG_CXX_LANGUAGE_STANDARD = "gnu++17";
				CLANG_ENABLE_MODULES = YES;
				CLANG_ENABLE_OBJC_ARC = YES;
				CLANG_ENABLE_OBJC_WEAK = YES;
				CLANG_WARN_BLOCK_CAPTURE_AUTORELEASING = YES;
				CLANG_WARN_BOOL_CONVERSION = YES;
				CLANG_WARN_COMMA = YES;
				CLANG_WARN_CONSTANT_CONVERSION = YES;
				CLANG_WARN_DEPRECATED_OBJC_IMPLEMENTATIONS = YES;
				CLANG_WARN_DIRECT_OBJC_ISA_USAGE = YES_ERROR;
				CLANG_WARN_DOCUMENTATION_COMMENTS = YES;
				CLANG_WARN_EMPTY_BODY = YES;
				CLANG_WARN_ENUM_CONVERSION = YES;
				CLANG_WARN_INFINITE_RECURSION = YES;
				CLANG_WARN_INT_CONVERSION = YES;
				CLANG_WARN_NON_LITERAL_NULL_CONVERSION = YES;
				CLANG_WARN_OBJC_IMPLICIT_RETAIN_SELF = YES;
				CLANG_WARN_OBJC_LITERAL_CONVERSION = YES;
				CLANG_WARN_OBJC_ROOT_CLASS = YES_ERROR;
				CLANG_WARN_QUOTED_INCLUDE_IN_FRAMEWORK_HEADER = YES;
				CLANG_WARN_RANGE_LOOP_ANALYSIS = YES;
				CLANG_WARN_STRICT_PROTOTYPES = YES;
				CLANG_WARN_SUSPICIOUS_MOVE = YES;
				CLANG_WARN_UNGUARDED_AVAILABILITY = YES_AGGRESSIVE;
				CLANG_WARN_UNREACHABLE_CODE = YES;
				CLANG_WARN__DUPLICATE_METHOD_MATCH = YES;
				COPY_PHASE_STRIP = NO;
				DEBUG_INFORMATION_FORMAT = dwarf;
				ENABLE_STRICT_OBJC_MSGSEND = YES;
				ENABLE_TESTABILITY = YES;
				GCC_C_LANGUAGE_STANDARD = gnu11;
				GCC_DYNAMIC_NO_PIC = NO;
				GCC_NO_COMMON_BLOCKS = YES;
				GCC_OPTIMIZATION_LEVEL = 0;
				GCC_PREPROCESSOR_DEFINITIONS = (
					"DEBUG=1",
					"$(inherited)",
				);
				GCC_WARN_64_TO_32_BIT_CONVERSION = YES;
				GCC_WARN_ABOUT_RETURN_TYPE = YES_ERROR;
				GCC_WARN_UNDECLARED_SELECTOR = YES;
				GCC_WARN_UNINITIALIZED_AUTOS = YES_AGGRESSIVE;
				GCC_WARN_UNUSED_FUNCTION = YES;
				GCC_WARN_UNUSED_VARIABLE = YES;
				IPHONEOS_DEPLOYMENT_TARGET = 15.4;
				MTL_ENABLE_DEBUG_INFO = INCLUDE_SOURCE;
				MTL_FAST_MATH = YES;
				ONLY_ACTIVE_ARCH = YES;
				SDKROOT = iphoneos;
				SWIFT_ACTIVE_COMPILATION_CONDITIONS = DEBUG;
				SWIFT_OPTIMIZATION_LEVEL = "-Onone";
			};
			name = Debug;
		};
		04DFC096281BBBFE0089CBED /* Release */ = {
			isa = XCBuildConfiguration;
			buildSettings = {
				ALWAYS_SEARCH_USER_PATHS = NO;
				CLANG_ANALYZER_NONNULL = YES;
				CLANG_ANALYZER_NUMBER_OBJECT_CONVERSION = YES_AGGRESSIVE;
				CLANG_CXX_LANGUAGE_STANDARD = "gnu++17";
				CLANG_ENABLE_MODULES = YES;
				CLANG_ENABLE_OBJC_ARC = YES;
				CLANG_ENABLE_OBJC_WEAK = YES;
				CLANG_WARN_BLOCK_CAPTURE_AUTORELEASING = YES;
				CLANG_WARN_BOOL_CONVERSION = YES;
				CLANG_WARN_COMMA = YES;
				CLANG_WARN_CONSTANT_CONVERSION = YES;
				CLANG_WARN_DEPRECATED_OBJC_IMPLEMENTATIONS = YES;
				CLANG_WARN_DIRECT_OBJC_ISA_USAGE = YES_ERROR;
				CLANG_WARN_DOCUMENTATION_COMMENTS = YES;
				CLANG_WARN_EMPTY_BODY = YES;
				CLANG_WARN_ENUM_CONVERSION = YES;
				CLANG_WARN_INFINITE_RECURSION = YES;
				CLANG_WARN_INT_CONVERSION = YES;
				CLANG_WARN_NON_LITERAL_NULL_CONVERSION = YES;
				CLANG_WARN_OBJC_IMPLICIT_RETAIN_SELF = YES;
				CLANG_WARN_OBJC_LITERAL_CONVERSION = YES;
				CLANG_WARN_OBJC_ROOT_CLASS = YES_ERROR;
				CLANG_WARN_QUOTED_INCLUDE_IN_FRAMEWORK_HEADER = YES;
				CLANG_WARN_RANGE_LOOP_ANALYSIS = YES;
				CLANG_WARN_STRICT_PROTOTYPES = YES;
				CLANG_WARN_SUSPICIOUS_MOVE = YES;
				CLANG_WARN_UNGUARDED_AVAILABILITY = YES_AGGRESSIVE;
				CLANG_WARN_UNREACHABLE_CODE = YES;
				CLANG_WARN__DUPLICATE_METHOD_MATCH = YES;
				COPY_PHASE_STRIP = NO;
				DEBUG_INFORMATION_FORMAT = "dwarf-with-dsym";
				ENABLE_NS_ASSERTIONS = NO;
				ENABLE_STRICT_OBJC_MSGSEND = YES;
				GCC_C_LANGUAGE_STANDARD = gnu11;
				GCC_NO_COMMON_BLOCKS = YES;
				GCC_WARN_64_TO_32_BIT_CONVERSION = YES;
				GCC_WARN_ABOUT_RETURN_TYPE = YES_ERROR;
				GCC_WARN_UNDECLARED_SELECTOR = YES;
				GCC_WARN_UNINITIALIZED_AUTOS = YES_AGGRESSIVE;
				GCC_WARN_UNUSED_FUNCTION = YES;
				GCC_WARN_UNUSED_VARIABLE = YES;
				IPHONEOS_DEPLOYMENT_TARGET = 15.4;
				MTL_ENABLE_DEBUG_INFO = NO;
				MTL_FAST_MATH = YES;
				SDKROOT = iphoneos;
				SWIFT_COMPILATION_MODE = wholemodule;
				SWIFT_OPTIMIZATION_LEVEL = "-O";
				VALIDATE_PRODUCT = YES;
			};
			name = Release;
		};
		04DFC098281BBBFE0089CBED /* Debug */ = {
			isa = XCBuildConfiguration;
			baseConfigurationReference = FA046253694FBF7766970FEE /* Pods-toy-weather-ios.debug.xcconfig */;
			buildSettings = {
				ASSETCATALOG_COMPILER_APPICON_NAME = AppIcon;
				ASSETCATALOG_COMPILER_GLOBAL_ACCENT_COLOR_NAME = AccentColor;
				CODE_SIGN_STYLE = Automatic;
				CURRENT_PROJECT_VERSION = 1;
				DEVELOPMENT_TEAM = 93SFQS52KF;
				GENERATE_INFOPLIST_FILE = YES;
				INFOPLIST_FILE = "toy-weather-ios/Info.plist";
				INFOPLIST_KEY_UIApplicationSupportsIndirectInputEvents = YES;
				INFOPLIST_KEY_UILaunchStoryboardName = LaunchScreen;
				INFOPLIST_KEY_UISupportedInterfaceOrientations_iPad = "UIInterfaceOrientationPortrait UIInterfaceOrientationPortraitUpsideDown UIInterfaceOrientationLandscapeLeft UIInterfaceOrientationLandscapeRight";
				INFOPLIST_KEY_UISupportedInterfaceOrientations_iPhone = "UIInterfaceOrientationPortrait UIInterfaceOrientationLandscapeLeft UIInterfaceOrientationLandscapeRight";
				LD_RUNPATH_SEARCH_PATHS = (
					"$(inherited)",
					"@executable_path/Frameworks",
				);
				MARKETING_VERSION = 1.0;
				PRODUCT_BUNDLE_IDENTIFIER = "com.choowiki.toy-weather-ios";
				PRODUCT_NAME = "$(TARGET_NAME)";
				SWIFT_EMIT_LOC_STRINGS = YES;
				SWIFT_VERSION = 5.0;
				TARGETED_DEVICE_FAMILY = 1;
			};
			name = Debug;
		};
		04DFC099281BBBFE0089CBED /* Release */ = {
			isa = XCBuildConfiguration;
			baseConfigurationReference = D16391DA654C9D884859F0D8 /* Pods-toy-weather-ios.release.xcconfig */;
			buildSettings = {
				ASSETCATALOG_COMPILER_APPICON_NAME = AppIcon;
				ASSETCATALOG_COMPILER_GLOBAL_ACCENT_COLOR_NAME = AccentColor;
				CODE_SIGN_STYLE = Automatic;
				CURRENT_PROJECT_VERSION = 1;
				DEVELOPMENT_TEAM = 93SFQS52KF;
				GENERATE_INFOPLIST_FILE = YES;
				INFOPLIST_FILE = "toy-weather-ios/Info.plist";
				INFOPLIST_KEY_UIApplicationSupportsIndirectInputEvents = YES;
				INFOPLIST_KEY_UILaunchStoryboardName = LaunchScreen;
				INFOPLIST_KEY_UISupportedInterfaceOrientations_iPad = "UIInterfaceOrientationPortrait UIInterfaceOrientationPortraitUpsideDown UIInterfaceOrientationLandscapeLeft UIInterfaceOrientationLandscapeRight";
				INFOPLIST_KEY_UISupportedInterfaceOrientations_iPhone = "UIInterfaceOrientationPortrait UIInterfaceOrientationLandscapeLeft UIInterfaceOrientationLandscapeRight";
				LD_RUNPATH_SEARCH_PATHS = (
					"$(inherited)",
					"@executable_path/Frameworks",
				);
				MARKETING_VERSION = 1.0;
				PRODUCT_BUNDLE_IDENTIFIER = "com.choowiki.toy-weather-ios";
				PRODUCT_NAME = "$(TARGET_NAME)";
				SWIFT_EMIT_LOC_STRINGS = YES;
				SWIFT_VERSION = 5.0;
				TARGETED_DEVICE_FAMILY = 1;
			};
			name = Release;
		};
/* End XCBuildConfiguration section */

/* Begin XCConfigurationList section */
		04DFC07E281BBBFD0089CBED /* Build configuration list for PBXProject "toy-weather-ios" */ = {
			isa = XCConfigurationList;
			buildConfigurations = (
				04DFC095281BBBFE0089CBED /* Debug */,
				04DFC096281BBBFE0089CBED /* Release */,
			);
			defaultConfigurationIsVisible = 0;
			defaultConfigurationName = Release;
		};
		04DFC097281BBBFE0089CBED /* Build configuration list for PBXNativeTarget "toy-weather-ios" */ = {
			isa = XCConfigurationList;
			buildConfigurations = (
				04DFC098281BBBFE0089CBED /* Debug */,
				04DFC099281BBBFE0089CBED /* Release */,
			);
			defaultConfigurationIsVisible = 0;
			defaultConfigurationName = Release;
		};
/* End XCConfigurationList section */
	};
	rootObject = 04DFC07B281BBBFD0089CBED /* Project object */;
}
